// !$*UTF8*$!
{
	archiveVersion = 1;
	classes = {
	};
	objectVersion = 50;
	objects = {

/* Begin PBXBuildFile section */
		9D01458C25CAF18B004BEDAD /* MakeMaxNumber.swift in Sources */ = {isa = PBXBuildFile; fileRef = 9D01458B25CAF18B004BEDAD /* MakeMaxNumber.swift */; };
		9D092CCD25611DBF00908BAE /* CheckWall.swift in Sources */ = {isa = PBXBuildFile; fileRef = 9D092CCC25611DBF00908BAE /* CheckWall.swift */; };
		9D097BAA25C6FBCC003999EA /* MaxExpression.swift in Sources */ = {isa = PBXBuildFile; fileRef = 9D097BA925C6FBCC003999EA /* MaxExpression.swift */; };
		9D16A45224938D33005E691E /* OpenChatting.swift in Sources */ = {isa = PBXBuildFile; fileRef = 9D16A45124938D33005E691E /* OpenChatting.swift */; };
		9D2598D324B7602C00E17711 /* BlockGame.swift in Sources */ = {isa = PBXBuildFile; fileRef = 9D2598D224B7602C00E17711 /* BlockGame.swift */; };
		9D2E4C572552F8EF00416041 /* VisitLength.swift in Sources */ = {isa = PBXBuildFile; fileRef = 9D2E4C562552F8EF00416041 /* VisitLength.swift */; };
		9D300326251FBD7000EAC348 /* KeyPad.swift in Sources */ = {isa = PBXBuildFile; fileRef = 9D300325251FBD7000EAC348 /* KeyPad.swift */; };
		9D57C85424939B890082A2FD /* StringProblem.swift in Sources */ = {isa = PBXBuildFile; fileRef = 9D57C85124939B890082A2FD /* StringProblem.swift */; };
		9D57C85524939B890082A2FD /* BlindBlink.swift in Sources */ = {isa = PBXBuildFile; fileRef = 9D57C85224939B890082A2FD /* BlindBlink.swift */; };
		9D57C85824939BAC0082A2FD /* FriendsFourBlock.swift in Sources */ = {isa = PBXBuildFile; fileRef = 9D57C85724939BAC0082A2FD /* FriendsFourBlock.swift */; };
		9D57C85A24939BC00082A2FD /* NewsClustring.swift in Sources */ = {isa = PBXBuildFile; fileRef = 9D57C85924939BC00082A2FD /* NewsClustring.swift */; };
		9D6412F524F662390099B4CF /* NNotationGame.swift in Sources */ = {isa = PBXBuildFile; fileRef = 9D6412F424F662390099B4CF /* NNotationGame.swift */; };
		9D6B0573255ABD9800FE63C9 /* SearchLyrics.swift in Sources */ = {isa = PBXBuildFile; fileRef = 9D6B0572255ABD9800FE63C9 /* SearchLyrics.swift */; };
		9D74F41724940B5700F5C757 /* FalilPercentage.swift in Sources */ = {isa = PBXBuildFile; fileRef = 9D74F41624940B5700F5C757 /* FalilPercentage.swift */; };
		9D8574CC24B31CAD009BA1FA /* BoostCamp.swift in Sources */ = {isa = PBXBuildFile; fileRef = 9D8574CB24B31CAD009BA1FA /* BoostCamp.swift */; };
		9D94BDF524C054ED0027B9BF /* Problem1.swift in Sources */ = {isa = PBXBuildFile; fileRef = 9D94BDF424C054ED0027B9BF /* Problem1.swift */; };
		9D94BE0A24C06AEA0027B9BF /* Problem2.swift in Sources */ = {isa = PBXBuildFile; fileRef = 9D94BE0924C06AEA0027B9BF /* Problem2.swift */; };
		9D9676BA249BB98A0042BF0A /* SearchPath.swift in Sources */ = {isa = PBXBuildFile; fileRef = 9D9676B9249BB98A0042BF0A /* SearchPath.swift */; };
		9D9CA09624B9ECC700B50A80 /* KeyAndLock.swift in Sources */ = {isa = PBXBuildFile; fileRef = 9D9CA09524B9ECC700B50A80 /* KeyAndLock.swift */; };
		9DA8042D248E27EA003826B9 /* main.swift in Sources */ = {isa = PBXBuildFile; fileRef = 9DA8042C248E27EA003826B9 /* main.swift */; };
		9DA8043C248E2A0D003826B9 /* IllegalUser.swift in Sources */ = {isa = PBXBuildFile; fileRef = 9DA8043B248E2A0D003826B9 /* IllegalUser.swift */; };
		9DA8043E248E2A93003826B9 /* PickDoll.swift in Sources */ = {isa = PBXBuildFile; fileRef = 9DA8043D248E2A93003826B9 /* PickDoll.swift */; };
		9DA80440248E2AC0003826B9 /* Tuple.swift in Sources */ = {isa = PBXBuildFile; fileRef = 9DA8043F248E2AC0003826B9 /* Tuple.swift */; };
		9DA80442248E2AE0003826B9 /* HotelRoom.swift in Sources */ = {isa = PBXBuildFile; fileRef = 9DA80441248E2AE0003826B9 /* HotelRoom.swift */; };
		9DA80448248E2BCA003826B9 /* BAEKJOON1260.swift in Sources */ = {isa = PBXBuildFile; fileRef = 9DA80447248E2BCA003826B9 /* BAEKJOON1260.swift */; };
		9DA8044A248E2C6E003826B9 /* BAEKJOON15659.swift in Sources */ = {isa = PBXBuildFile; fileRef = 9DA80449248E2C6E003826B9 /* BAEKJOON15659.swift */; };
		9DA8044C248E2D1C003826B9 /* BAEKJOON1759.swift in Sources */ = {isa = PBXBuildFile; fileRef = 9DA8044B248E2D1B003826B9 /* BAEKJOON1759.swift */; };
		9DA8044E248E2D48003826B9 /* BAEKJOON2178.swift in Sources */ = {isa = PBXBuildFile; fileRef = 9DA8044D248E2D48003826B9 /* BAEKJOON2178.swift */; };
		9DA80450248E2D6B003826B9 /* BAEKJOON2309.swift in Sources */ = {isa = PBXBuildFile; fileRef = 9DA8044F248E2D6B003826B9 /* BAEKJOON2309.swift */; };
		9DA80452248E2D8F003826B9 /* BAEKJOON11724.swift in Sources */ = {isa = PBXBuildFile; fileRef = 9DA80451248E2D8F003826B9 /* BAEKJOON11724.swift */; };
		9DAEB57E25504950003C01D6 /* EnglishEnding.swift in Sources */ = {isa = PBXBuildFile; fileRef = 9DAEB57D25504950003C01D6 /* EnglishEnding.swift */; };
		9DC7DC1F2549977C00B09339 /* QuickSort.swift in Sources */ = {isa = PBXBuildFile; fileRef = 9DC7DC1E2549977C00B09339 /* QuickSort.swift */; };
		9DC7DC272549D98900B09339 /* MergeSort.swift in Sources */ = {isa = PBXBuildFile; fileRef = 9DC7DC262549D98900B09339 /* MergeSort.swift */; };
		9DC7DC2A2549E1BE00B09339 /* CopyMap.swift in Sources */ = {isa = PBXBuildFile; fileRef = 9DC7DC292549E1BE00B09339 /* CopyMap.swift */; };
		9DC7DC2D254A11F400B09339 /* Cache.swift in Sources */ = {isa = PBXBuildFile; fileRef = 9DC7DC2C254A11F400B09339 /* Cache.swift */; };
		9DC97500254C318600488196 /* CustomOptional.swift in Sources */ = {isa = PBXBuildFile; fileRef = 9DC974FF254C318600488196 /* CustomOptional.swift */; };
		9DCEB91825C45BC900109F31 /* MenuRenewer.swift in Sources */ = {isa = PBXBuildFile; fileRef = 9DCEB91725C45BC900109F31 /* MenuRenewer.swift */; };
		9DD329EF2495BB5600E19669 /* CandidateKey.swift in Sources */ = {isa = PBXBuildFile; fileRef = 9DD329EE2495BB5600E19669 /* CandidateKey.swift */; };
		9DD3FCD6254834DE003DB798 /* SkillTree.swift in Sources */ = {isa = PBXBuildFile; fileRef = 9DD3FCD5254834DE003DB798 /* SkillTree.swift */; };
		9DD7AD26250C8D5800742F25 /* Problem.swift in Sources */ = {isa = PBXBuildFile; fileRef = 9DD7AD25250C8D5800742F25 /* Problem.swift */; };
		9DD7AD3B250CA6C100742F25 /* aawo.swift in Sources */ = {isa = PBXBuildFile; fileRef = 9DD7AD3A250CA6C100742F25 /* aawo.swift */; };
		9DD7AD3D250CB6B200742F25 /* 3Probl.swift in Sources */ = {isa = PBXBuildFile; fileRef = 9DD7AD3C250CB6B200742F25 /* 3Probl.swift */; };
		9DD91B0524A4CD4A00F35CAF /* FoodLive.swift in Sources */ = {isa = PBXBuildFile; fileRef = 9DD91B0424A4CD4A00F35CAF /* FoodLive.swift */; };
		CE07129A2605CADA0009F420 /* BAEKJOON10815.swift in Sources */ = {isa = PBXBuildFile; fileRef = CE0712992605CADA0009F420 /* BAEKJOON10815.swift */; };
		CE1BBFCE25D5846900463F63 /* CorrectSquare.swift in Sources */ = {isa = PBXBuildFile; fileRef = CE1BBFCD25D5846900463F63 /* CorrectSquare.swift */; };
		CE38C7DB25FCFCB200DA364D /* BAEKJOON2805.swift in Sources */ = {isa = PBXBuildFile; fileRef = CE38C7DA25FCFCB200DA364D /* BAEKJOON2805.swift */; };
		CE41A20825FDC35700368CC0 /* BAEKJOON1654.swift in Sources */ = {isa = PBXBuildFile; fileRef = CE41A20725FDC35600368CC0 /* BAEKJOON1654.swift */; };
		CE69C6E525F3756900454255 /* NewerIDRecommend.swift in Sources */ = {isa = PBXBuildFile; fileRef = CE69C6E425F3756900454255 /* NewerIDRecommend.swift */; };
		CE69C6E925F4C28600454255 /* BAEKJOON1920.swift in Sources */ = {isa = PBXBuildFile; fileRef = CE69C6E825F4C28600454255 /* BAEKJOON1920.swift */; };
		CED56F2325D970FF00597C4F /* H-Index.swift in Sources */ = {isa = PBXBuildFile; fileRef = CED56F2225D970FF00597C4F /* H-Index.swift */; };
/* End PBXBuildFile section */

/* Begin PBXCopyFilesBuildPhase section */
		9DA80427248E27EA003826B9 /* CopyFiles */ = {
			isa = PBXCopyFilesBuildPhase;
			buildActionMask = 2147483647;
			dstPath = /usr/share/man/man1/;
			dstSubfolderSpec = 0;
			files = (
			);
			runOnlyForDeploymentPostprocessing = 1;
		};
/* End PBXCopyFilesBuildPhase section */

/* Begin PBXFileReference section */
		9D01458B25CAF18B004BEDAD /* MakeMaxNumber.swift */ = {isa = PBXFileReference; lastKnownFileType = sourcecode.swift; path = MakeMaxNumber.swift; sourceTree = "<group>"; };
		9D092CCC25611DBF00908BAE /* CheckWall.swift */ = {isa = PBXFileReference; lastKnownFileType = sourcecode.swift; path = CheckWall.swift; sourceTree = "<group>"; };
		9D097BA925C6FBCC003999EA /* MaxExpression.swift */ = {isa = PBXFileReference; lastKnownFileType = sourcecode.swift; path = MaxExpression.swift; sourceTree = "<group>"; };
		9D16A45124938D33005E691E /* OpenChatting.swift */ = {isa = PBXFileReference; lastKnownFileType = sourcecode.swift; path = OpenChatting.swift; sourceTree = "<group>"; };
		9D2598D224B7602C00E17711 /* BlockGame.swift */ = {isa = PBXFileReference; lastKnownFileType = sourcecode.swift; path = BlockGame.swift; sourceTree = "<group>"; };
		9D2E4C562552F8EF00416041 /* VisitLength.swift */ = {isa = PBXFileReference; lastKnownFileType = sourcecode.swift; path = VisitLength.swift; sourceTree = "<group>"; };
		9D300325251FBD7000EAC348 /* KeyPad.swift */ = {isa = PBXFileReference; lastKnownFileType = sourcecode.swift; path = KeyPad.swift; sourceTree = "<group>"; };
		9D57C85124939B890082A2FD /* StringProblem.swift */ = {isa = PBXFileReference; fileEncoding = 4; lastKnownFileType = sourcecode.swift; name = StringProblem.swift; path = "Algorithm/2020 카카오 블라인드/StringProblem.swift"; sourceTree = SOURCE_ROOT; };
		9D57C85224939B890082A2FD /* BlindBlink.swift */ = {isa = PBXFileReference; fileEncoding = 4; lastKnownFileType = sourcecode.swift; name = BlindBlink.swift; path = "Algorithm/2020 카카오 블라인드/BlindBlink.swift"; sourceTree = SOURCE_ROOT; };
		9D57C85724939BAC0082A2FD /* FriendsFourBlock.swift */ = {isa = PBXFileReference; fileEncoding = 4; lastKnownFileType = sourcecode.swift; name = FriendsFourBlock.swift; path = "Algorithm/2018 카카오 블라인드/FriendsFourBlock.swift"; sourceTree = SOURCE_ROOT; };
		9D57C85924939BC00082A2FD /* NewsClustring.swift */ = {isa = PBXFileReference; fileEncoding = 4; lastKnownFileType = sourcecode.swift; path = NewsClustring.swift; sourceTree = "<group>"; };
		9D6412F424F662390099B4CF /* NNotationGame.swift */ = {isa = PBXFileReference; lastKnownFileType = sourcecode.swift; path = NNotationGame.swift; sourceTree = "<group>"; };
		9D6B0572255ABD9800FE63C9 /* SearchLyrics.swift */ = {isa = PBXFileReference; lastKnownFileType = sourcecode.swift; path = SearchLyrics.swift; sourceTree = "<group>"; };
		9D74F41624940B5700F5C757 /* FalilPercentage.swift */ = {isa = PBXFileReference; lastKnownFileType = sourcecode.swift; path = FalilPercentage.swift; sourceTree = "<group>"; };
		9D8574CB24B31CAD009BA1FA /* BoostCamp.swift */ = {isa = PBXFileReference; lastKnownFileType = sourcecode.swift; path = BoostCamp.swift; sourceTree = "<group>"; };
		9D94BDF424C054ED0027B9BF /* Problem1.swift */ = {isa = PBXFileReference; lastKnownFileType = sourcecode.swift; path = Problem1.swift; sourceTree = "<group>"; };
		9D94BE0924C06AEA0027B9BF /* Problem2.swift */ = {isa = PBXFileReference; lastKnownFileType = sourcecode.swift; path = Problem2.swift; sourceTree = "<group>"; };
		9D9676B9249BB98A0042BF0A /* SearchPath.swift */ = {isa = PBXFileReference; lastKnownFileType = sourcecode.swift; path = SearchPath.swift; sourceTree = "<group>"; };
		9D9CA09524B9ECC700B50A80 /* KeyAndLock.swift */ = {isa = PBXFileReference; lastKnownFileType = sourcecode.swift; path = KeyAndLock.swift; sourceTree = "<group>"; };
		9DA80429248E27EA003826B9 /* Algorithm */ = {isa = PBXFileReference; explicitFileType = "compiled.mach-o.executable"; includeInIndex = 0; path = Algorithm; sourceTree = BUILT_PRODUCTS_DIR; };
		9DA8042C248E27EA003826B9 /* main.swift */ = {isa = PBXFileReference; lastKnownFileType = sourcecode.swift; path = main.swift; sourceTree = "<group>"; };
		9DA8043B248E2A0D003826B9 /* IllegalUser.swift */ = {isa = PBXFileReference; lastKnownFileType = sourcecode.swift; path = IllegalUser.swift; sourceTree = "<group>"; };
		9DA8043D248E2A93003826B9 /* PickDoll.swift */ = {isa = PBXFileReference; lastKnownFileType = sourcecode.swift; path = PickDoll.swift; sourceTree = "<group>"; };
		9DA8043F248E2AC0003826B9 /* Tuple.swift */ = {isa = PBXFileReference; lastKnownFileType = sourcecode.swift; path = Tuple.swift; sourceTree = "<group>"; };
		9DA80441248E2AE0003826B9 /* HotelRoom.swift */ = {isa = PBXFileReference; lastKnownFileType = sourcecode.swift; path = HotelRoom.swift; sourceTree = "<group>"; };
		9DA80447248E2BCA003826B9 /* BAEKJOON1260.swift */ = {isa = PBXFileReference; lastKnownFileType = sourcecode.swift; path = BAEKJOON1260.swift; sourceTree = "<group>"; };
		9DA80449248E2C6E003826B9 /* BAEKJOON15659.swift */ = {isa = PBXFileReference; lastKnownFileType = sourcecode.swift; path = BAEKJOON15659.swift; sourceTree = "<group>"; };
		9DA8044B248E2D1B003826B9 /* BAEKJOON1759.swift */ = {isa = PBXFileReference; lastKnownFileType = sourcecode.swift; path = BAEKJOON1759.swift; sourceTree = "<group>"; };
		9DA8044D248E2D48003826B9 /* BAEKJOON2178.swift */ = {isa = PBXFileReference; lastKnownFileType = sourcecode.swift; path = BAEKJOON2178.swift; sourceTree = "<group>"; };
		9DA8044F248E2D6B003826B9 /* BAEKJOON2309.swift */ = {isa = PBXFileReference; lastKnownFileType = sourcecode.swift; path = BAEKJOON2309.swift; sourceTree = "<group>"; };
		9DA80451248E2D8F003826B9 /* BAEKJOON11724.swift */ = {isa = PBXFileReference; lastKnownFileType = sourcecode.swift; path = BAEKJOON11724.swift; sourceTree = "<group>"; };
		9DAEB57D25504950003C01D6 /* EnglishEnding.swift */ = {isa = PBXFileReference; lastKnownFileType = sourcecode.swift; path = EnglishEnding.swift; sourceTree = "<group>"; };
		9DC7DC1E2549977C00B09339 /* QuickSort.swift */ = {isa = PBXFileReference; lastKnownFileType = sourcecode.swift; path = QuickSort.swift; sourceTree = "<group>"; };
		9DC7DC262549D98900B09339 /* MergeSort.swift */ = {isa = PBXFileReference; lastKnownFileType = sourcecode.swift; path = MergeSort.swift; sourceTree = "<group>"; };
		9DC7DC292549E1BE00B09339 /* CopyMap.swift */ = {isa = PBXFileReference; lastKnownFileType = sourcecode.swift; path = CopyMap.swift; sourceTree = "<group>"; };
		9DC7DC2C254A11F400B09339 /* Cache.swift */ = {isa = PBXFileReference; lastKnownFileType = sourcecode.swift; path = Cache.swift; sourceTree = "<group>"; };
		9DC974FF254C318600488196 /* CustomOptional.swift */ = {isa = PBXFileReference; lastKnownFileType = sourcecode.swift; path = CustomOptional.swift; sourceTree = "<group>"; };
		9DCEB91725C45BC900109F31 /* MenuRenewer.swift */ = {isa = PBXFileReference; lastKnownFileType = sourcecode.swift; path = MenuRenewer.swift; sourceTree = "<group>"; };
		9DD329EE2495BB5600E19669 /* CandidateKey.swift */ = {isa = PBXFileReference; lastKnownFileType = sourcecode.swift; path = CandidateKey.swift; sourceTree = "<group>"; };
		9DD3FCD5254834DE003DB798 /* SkillTree.swift */ = {isa = PBXFileReference; lastKnownFileType = sourcecode.swift; path = SkillTree.swift; sourceTree = "<group>"; };
		9DD7AD25250C8D5800742F25 /* Problem.swift */ = {isa = PBXFileReference; lastKnownFileType = sourcecode.swift; path = Problem.swift; sourceTree = "<group>"; };
		9DD7AD3A250CA6C100742F25 /* aawo.swift */ = {isa = PBXFileReference; lastKnownFileType = sourcecode.swift; path = aawo.swift; sourceTree = "<group>"; };
		9DD7AD3C250CB6B200742F25 /* 3Probl.swift */ = {isa = PBXFileReference; lastKnownFileType = sourcecode.swift; path = 3Probl.swift; sourceTree = "<group>"; };
		9DD91B0424A4CD4A00F35CAF /* FoodLive.swift */ = {isa = PBXFileReference; lastKnownFileType = sourcecode.swift; path = FoodLive.swift; sourceTree = "<group>"; };
		CE0712992605CADA0009F420 /* BAEKJOON10815.swift */ = {isa = PBXFileReference; lastKnownFileType = sourcecode.swift; path = BAEKJOON10815.swift; sourceTree = "<group>"; };
		CE1BBFCD25D5846900463F63 /* CorrectSquare.swift */ = {isa = PBXFileReference; lastKnownFileType = sourcecode.swift; path = CorrectSquare.swift; sourceTree = "<group>"; };
		CE38C7DA25FCFCB200DA364D /* BAEKJOON2805.swift */ = {isa = PBXFileReference; lastKnownFileType = sourcecode.swift; path = BAEKJOON2805.swift; sourceTree = "<group>"; };
		CE41A20725FDC35600368CC0 /* BAEKJOON1654.swift */ = {isa = PBXFileReference; lastKnownFileType = sourcecode.swift; path = BAEKJOON1654.swift; sourceTree = "<group>"; };
		CE69C6E425F3756900454255 /* NewerIDRecommend.swift */ = {isa = PBXFileReference; lastKnownFileType = sourcecode.swift; path = NewerIDRecommend.swift; sourceTree = "<group>"; };
		CE69C6E825F4C28600454255 /* BAEKJOON1920.swift */ = {isa = PBXFileReference; lastKnownFileType = sourcecode.swift; path = BAEKJOON1920.swift; sourceTree = "<group>"; };
		CED56F2225D970FF00597C4F /* H-Index.swift */ = {isa = PBXFileReference; lastKnownFileType = sourcecode.swift; path = "H-Index.swift"; sourceTree = "<group>"; };
/* End PBXFileReference section */

/* Begin PBXFrameworksBuildPhase section */
		9DA80426248E27EA003826B9 /* Frameworks */ = {
			isa = PBXFrameworksBuildPhase;
			buildActionMask = 2147483647;
			files = (
			);
			runOnlyForDeploymentPostprocessing = 0;
		};
/* End PBXFrameworksBuildPhase section */

/* Begin PBXGroup section */
		9D16A45024938D1E005E691E /* 2019 카카오 블라인드 */ = {
			isa = PBXGroup;
			children = (
				9D16A45124938D33005E691E /* OpenChatting.swift */,
				9D74F41624940B5700F5C757 /* FalilPercentage.swift */,
				9DD329EE2495BB5600E19669 /* CandidateKey.swift */,
				9D9676B9249BB98A0042BF0A /* SearchPath.swift */,
				9DD91B0424A4CD4A00F35CAF /* FoodLive.swift */,
				9D2598D224B7602C00E17711 /* BlockGame.swift */,
			);
			name = "2019 카카오 블라인드";
			path = "2019 카카오 블라인드";
			sourceTree = "<group>";
		};
		9D300324251FBD6200EAC348 /* 2020 카카오 인턴십 */ = {
			isa = PBXGroup;
			children = (
				9D300325251FBD7000EAC348 /* KeyPad.swift */,
				9D097BA925C6FBCC003999EA /* MaxExpression.swift */,
			);
			name = "2020 카카오 인턴십";
			path = "2020 카카오 인턴십";
			sourceTree = "<group>";
		};
		9D8574CA24B31C48009BA1FA /* 부스트캠프 코딩테스트 */ = {
			isa = PBXGroup;
			children = (
				9D8574CB24B31CAD009BA1FA /* BoostCamp.swift */,
			);
			name = "부스트캠프 코딩테스트";
			path = "부스트캠프 코딩테스트";
			sourceTree = "<group>";
		};
		9D94BDF324C054D90027B9BF /* 2020 카카오 코드스쿼드 전형 */ = {
			isa = PBXGroup;
			children = (
				9D94BDF424C054ED0027B9BF /* Problem1.swift */,
				9D94BE0924C06AEA0027B9BF /* Problem2.swift */,
			);
			name = "2020 카카오 코드스쿼드 전형";
			path = "2020 카카오 코드스쿼드 전형";
			sourceTree = "<group>";
		};
		9DA80420248E27EA003826B9 = {
			isa = PBXGroup;
			children = (
				9DA8042B248E27EA003826B9 /* Algorithm */,
				9DA8042A248E27EA003826B9 /* Products */,
			);
			sourceTree = "<group>";
		};
		9DA8042A248E27EA003826B9 /* Products */ = {
			isa = PBXGroup;
			children = (
				9DA80429248E27EA003826B9 /* Algorithm */,
			);
			name = Products;
			sourceTree = "<group>";
		};
		9DA8042B248E27EA003826B9 /* Algorithm */ = {
			isa = PBXGroup;
			children = (
				9DCEB91625C45BAE00109F31 /* 2021 카카오 블라인드 */,
				9DC974FE254C316400488196 /* 기본 내장 함수 */,
				9DC7DC1D2549976700B09339 /* 기본 알고리즘 */,
				9DD3FCD4254834CA003DB798 /* 프로그래머스 */,
				9D300324251FBD6200EAC348 /* 2020 카카오 인턴십 */,
				9DD7AD24250C8D4400742F25 /* 2021 카카오 블라인드 채용 */,
				9D94BDF324C054D90027B9BF /* 2020 카카오 코드스쿼드 전형 */,
				9D8574CA24B31C48009BA1FA /* 부스트캠프 코딩테스트 */,
				9D16A45024938D1E005E691E /* 2019 카카오 블라인드 */,
				9DA80436248E2836003826B9 /* BAEKJOON */,
				9DA80435248E282A003826B9 /* 2018 카카오 블라인드 */,
				9DA80434248E2814003826B9 /* 2019 카카오 겨울 인턴십 */,
				9DA80433248E2802003826B9 /* 2020 카카오 블라인드 */,
				9DA8042C248E27EA003826B9 /* main.swift */,
			);
			path = Algorithm;
			sourceTree = "<group>";
		};
		9DA80433248E2802003826B9 /* 2020 카카오 블라인드 */ = {
			isa = PBXGroup;
			children = (
				9D57C85224939B890082A2FD /* BlindBlink.swift */,
				9D57C85924939BC00082A2FD /* NewsClustring.swift */,
				9D57C85124939B890082A2FD /* StringProblem.swift */,
				9D9CA09524B9ECC700B50A80 /* KeyAndLock.swift */,
				9D6B0572255ABD9800FE63C9 /* SearchLyrics.swift */,
				9D092CCC25611DBF00908BAE /* CheckWall.swift */,
			);
			name = "2020 카카오 블라인드";
			path = "카카오2018블라인드";
			sourceTree = "<group>";
		};
		9DA80434248E2814003826B9 /* 2019 카카오 겨울 인턴십 */ = {
			isa = PBXGroup;
			children = (
				9DA8043B248E2A0D003826B9 /* IllegalUser.swift */,
				9DA8043D248E2A93003826B9 /* PickDoll.swift */,
				9DA8043F248E2AC0003826B9 /* Tuple.swift */,
				9DA80441248E2AE0003826B9 /* HotelRoom.swift */,
			);
			name = "2019 카카오 겨울 인턴십";
			path = "2019 카카오 겨울 인턴십";
			sourceTree = "<group>";
		};
		9DA80435248E282A003826B9 /* 2018 카카오 블라인드 */ = {
			isa = PBXGroup;
			children = (
				9D57C85724939BAC0082A2FD /* FriendsFourBlock.swift */,
				9D6412F424F662390099B4CF /* NNotationGame.swift */,
				9DC7DC2C254A11F400B09339 /* Cache.swift */,
			);
			name = "2018 카카오 블라인드";
			path = "2020 카카오 블라인드";
			sourceTree = "<group>";
		};
		9DA80436248E2836003826B9 /* BAEKJOON */ = {
			isa = PBXGroup;
			children = (
				9DA80447248E2BCA003826B9 /* BAEKJOON1260.swift */,
				9DA80449248E2C6E003826B9 /* BAEKJOON15659.swift */,
				9DA8044B248E2D1B003826B9 /* BAEKJOON1759.swift */,
				9DA8044D248E2D48003826B9 /* BAEKJOON2178.swift */,
				9DA8044F248E2D6B003826B9 /* BAEKJOON2309.swift */,
				9DA80451248E2D8F003826B9 /* BAEKJOON11724.swift */,
				CE69C6E825F4C28600454255 /* BAEKJOON1920.swift */,
				CE38C7DA25FCFCB200DA364D /* BAEKJOON2805.swift */,
				CE41A20725FDC35600368CC0 /* BAEKJOON1654.swift */,
				CE0712992605CADA0009F420 /* BAEKJOON10815.swift */,
			);
			path = BAEKJOON;
			sourceTree = "<group>";
		};
		9DC7DC1D2549976700B09339 /* 기본 알고리즘 */ = {
			isa = PBXGroup;
			children = (
				9DC7DC1E2549977C00B09339 /* QuickSort.swift */,
				9DC7DC262549D98900B09339 /* MergeSort.swift */,
				9DC7DC292549E1BE00B09339 /* CopyMap.swift */,
			);
			name = "기본 알고리즘";
			path = "기본 알고리즘";
			sourceTree = "<group>";
		};
		9DC974FE254C316400488196 /* 기본 내장 함수 */ = {
			isa = PBXGroup;
			children = (
				9DC974FF254C318600488196 /* CustomOptional.swift */,
			);
			name = "기본 내장 함수";
			path = "기본 내장 함수";
			sourceTree = "<group>";
		};
		9DCEB91625C45BAE00109F31 /* 2021 카카오 블라인드 */ = {
			isa = PBXGroup;
			children = (
				9DCEB91725C45BC900109F31 /* MenuRenewer.swift */,
				CE69C6E425F3756900454255 /* NewerIDRecommend.swift */,
			);
			name = "2021 카카오 블라인드";
			path = "2021 카카오 블라인드";
			sourceTree = "<group>";
		};
		9DD3FCD4254834CA003DB798 /* 프로그래머스 */ = {
			isa = PBXGroup;
			children = (
				9DD3FCD5254834DE003DB798 /* SkillTree.swift */,
				9DAEB57D25504950003C01D6 /* EnglishEnding.swift */,
				9D2E4C562552F8EF00416041 /* VisitLength.swift */,
				9D01458B25CAF18B004BEDAD /* MakeMaxNumber.swift */,
				CE1BBFCD25D5846900463F63 /* CorrectSquare.swift */,
				CED56F2225D970FF00597C4F /* H-Index.swift */,
			);
			name = "프로그래머스";
			path = "프로그래머스";
			sourceTree = "<group>";
		};
		9DD7AD24250C8D4400742F25 /* 2021 카카오 블라인드 채용 */ = {
			isa = PBXGroup;
			children = (
				9DD7AD25250C8D5800742F25 /* Problem.swift */,
				9DD7AD3A250CA6C100742F25 /* aawo.swift */,
				9DD7AD3C250CB6B200742F25 /* 3Probl.swift */,
			);
			name = "2021 카카오 블라인드 채용";
			path = "2021 카카오 블라인드 채용";
			sourceTree = "<group>";
		};
/* End PBXGroup section */

/* Begin PBXNativeTarget section */
		9DA80428248E27EA003826B9 /* Algorithm */ = {
			isa = PBXNativeTarget;
			buildConfigurationList = 9DA80430248E27EA003826B9 /* Build configuration list for PBXNativeTarget "Algorithm" */;
			buildPhases = (
				9DA80425248E27EA003826B9 /* Sources */,
				9DA80426248E27EA003826B9 /* Frameworks */,
				9DA80427248E27EA003826B9 /* CopyFiles */,
			);
			buildRules = (
			);
			dependencies = (
			);
			name = Algorithm;
			productName = Algorithm;
			productReference = 9DA80429248E27EA003826B9 /* Algorithm */;
			productType = "com.apple.product-type.tool";
		};
/* End PBXNativeTarget section */

/* Begin PBXProject section */
		9DA80421248E27EA003826B9 /* Project object */ = {
			isa = PBXProject;
			attributes = {
				LastSwiftUpdateCheck = 1150;
				LastUpgradeCheck = 1150;
				ORGANIZATIONNAME = "윤동민";
				TargetAttributes = {
					9DA80428248E27EA003826B9 = {
						CreatedOnToolsVersion = 11.5;
					};
				};
			};
			buildConfigurationList = 9DA80424248E27EA003826B9 /* Build configuration list for PBXProject "Algorithm" */;
			compatibilityVersion = "Xcode 9.3";
			developmentRegion = en;
			hasScannedForEncodings = 0;
			knownRegions = (
				en,
				Base,
			);
			mainGroup = 9DA80420248E27EA003826B9;
			productRefGroup = 9DA8042A248E27EA003826B9 /* Products */;
			projectDirPath = "";
			projectRoot = "";
			targets = (
				9DA80428248E27EA003826B9 /* Algorithm */,
			);
		};
/* End PBXProject section */

/* Begin PBXSourcesBuildPhase section */
		9DA80425248E27EA003826B9 /* Sources */ = {
			isa = PBXSourcesBuildPhase;
			buildActionMask = 2147483647;
			files = (
				9DC97500254C318600488196 /* CustomOptional.swift in Sources */,
				CE1BBFCE25D5846900463F63 /* CorrectSquare.swift in Sources */,
				9DC7DC272549D98900B09339 /* MergeSort.swift in Sources */,
				9D6B0573255ABD9800FE63C9 /* SearchLyrics.swift in Sources */,
				9D16A45224938D33005E691E /* OpenChatting.swift in Sources */,
				9D94BE0A24C06AEA0027B9BF /* Problem2.swift in Sources */,
				9DD91B0524A4CD4A00F35CAF /* FoodLive.swift in Sources */,
				9DA8043C248E2A0D003826B9 /* IllegalUser.swift in Sources */,
				9D94BDF524C054ED0027B9BF /* Problem1.swift in Sources */,
				CED56F2325D970FF00597C4F /* H-Index.swift in Sources */,
				9D092CCD25611DBF00908BAE /* CheckWall.swift in Sources */,
				9D9CA09624B9ECC700B50A80 /* KeyAndLock.swift in Sources */,
				CE69C6E925F4C28600454255 /* BAEKJOON1920.swift in Sources */,
				9DC7DC2A2549E1BE00B09339 /* CopyMap.swift in Sources */,
				9D9676BA249BB98A0042BF0A /* SearchPath.swift in Sources */,
				9D57C85824939BAC0082A2FD /* FriendsFourBlock.swift in Sources */,
				9DD3FCD6254834DE003DB798 /* SkillTree.swift in Sources */,
				CE41A20825FDC35700368CC0 /* BAEKJOON1654.swift in Sources */,
				9DCEB91825C45BC900109F31 /* MenuRenewer.swift in Sources */,
				9D57C85A24939BC00082A2FD /* NewsClustring.swift in Sources */,
				9DD7AD3B250CA6C100742F25 /* aawo.swift in Sources */,
				9DA80452248E2D8F003826B9 /* BAEKJOON11724.swift in Sources */,
				9DA8043E248E2A93003826B9 /* PickDoll.swift in Sources */,
				9DA80442248E2AE0003826B9 /* HotelRoom.swift in Sources */,
				9DA80450248E2D6B003826B9 /* BAEKJOON2309.swift in Sources */,
				9DC7DC1F2549977C00B09339 /* QuickSort.swift in Sources */,
				9DA8044A248E2C6E003826B9 /* BAEKJOON15659.swift in Sources */,
				9D6412F524F662390099B4CF /* NNotationGame.swift in Sources */,
				9D8574CC24B31CAD009BA1FA /* BoostCamp.swift in Sources */,
				9DC7DC2D254A11F400B09339 /* Cache.swift in Sources */,
				9D097BAA25C6FBCC003999EA /* MaxExpression.swift in Sources */,
				9DD7AD26250C8D5800742F25 /* Problem.swift in Sources */,
				9DA8044C248E2D1C003826B9 /* BAEKJOON1759.swift in Sources */,
				9D74F41724940B5700F5C757 /* FalilPercentage.swift in Sources */,
				CE07129A2605CADA0009F420 /* BAEKJOON10815.swift in Sources */,
				9D57C85524939B890082A2FD /* BlindBlink.swift in Sources */,
				9DA80448248E2BCA003826B9 /* BAEKJOON1260.swift in Sources */,
				9DD329EF2495BB5600E19669 /* CandidateKey.swift in Sources */,
				9DD7AD3D250CB6B200742F25 /* 3Probl.swift in Sources */,
				CE38C7DB25FCFCB200DA364D /* BAEKJOON2805.swift in Sources */,
				9DA80440248E2AC0003826B9 /* Tuple.swift in Sources */,
				9D300326251FBD7000EAC348 /* KeyPad.swift in Sources */,
				9DA8044E248E2D48003826B9 /* BAEKJOON2178.swift in Sources */,
				9D2E4C572552F8EF00416041 /* VisitLength.swift in Sources */,
				9D01458C25CAF18B004BEDAD /* MakeMaxNumber.swift in Sources */,
				CE69C6E525F3756900454255 /* NewerIDRecommend.swift in Sources */,
				9D2598D324B7602C00E17711 /* BlockGame.swift in Sources */,
				9D57C85424939B890082A2FD /* StringProblem.swift in Sources */,
				9DA8042D248E27EA003826B9 /* main.swift in Sources */,
				9DAEB57E25504950003C01D6 /* EnglishEnding.swift in Sources */,
			);
			runOnlyForDeploymentPostprocessing = 0;
		};
/* End PBXSourcesBuildPhase section */

/* Begin XCBuildConfiguration section */
		9DA8042E248E27EA003826B9 /* Debug */ = {
			isa = XCBuildConfiguration;
			buildSettings = {
				ALWAYS_SEARCH_USER_PATHS = NO;
				CLANG_ANALYZER_NONNULL = YES;
				CLANG_ANALYZER_NUMBER_OBJECT_CONVERSION = YES_AGGRESSIVE;
				CLANG_CXX_LANGUAGE_STANDARD = "gnu++14";
				CLANG_CXX_LIBRARY = "libc++";
				CLANG_ENABLE_MODULES = YES;
				CLANG_ENABLE_OBJC_ARC = YES;
				CLANG_ENABLE_OBJC_WEAK = YES;
				CLANG_WARN_BLOCK_CAPTURE_AUTORELEASING = YES;
				CLANG_WARN_BOOL_CONVERSION = YES;
				CLANG_WARN_COMMA = YES;
				CLANG_WARN_CONSTANT_CONVERSION = YES;
				CLANG_WARN_DEPRECATED_OBJC_IMPLEMENTATIONS = YES;
				CLANG_WARN_DIRECT_OBJC_ISA_USAGE = YES_ERROR;
				CLANG_WARN_DOCUMENTATION_COMMENTS = YES;
				CLANG_WARN_EMPTY_BODY = YES;
				CLANG_WARN_ENUM_CONVERSION = YES;
				CLANG_WARN_INFINITE_RECURSION = YES;
				CLANG_WARN_INT_CONVERSION = YES;
				CLANG_WARN_NON_LITERAL_NULL_CONVERSION = YES;
				CLANG_WARN_OBJC_IMPLICIT_RETAIN_SELF = YES;
				CLANG_WARN_OBJC_LITERAL_CONVERSION = YES;
				CLANG_WARN_OBJC_ROOT_CLASS = YES_ERROR;
				CLANG_WARN_RANGE_LOOP_ANALYSIS = YES;
				CLANG_WARN_STRICT_PROTOTYPES = YES;
				CLANG_WARN_SUSPICIOUS_MOVE = YES;
				CLANG_WARN_UNGUARDED_AVAILABILITY = YES_AGGRESSIVE;
				CLANG_WARN_UNREACHABLE_CODE = YES;
				CLANG_WARN__DUPLICATE_METHOD_MATCH = YES;
				COPY_PHASE_STRIP = NO;
				DEBUG_INFORMATION_FORMAT = dwarf;
				ENABLE_STRICT_OBJC_MSGSEND = YES;
				ENABLE_TESTABILITY = YES;
				GCC_C_LANGUAGE_STANDARD = gnu11;
				GCC_DYNAMIC_NO_PIC = NO;
				GCC_NO_COMMON_BLOCKS = YES;
				GCC_OPTIMIZATION_LEVEL = 0;
				GCC_PREPROCESSOR_DEFINITIONS = (
					"DEBUG=1",
					"$(inherited)",
				);
				GCC_WARN_64_TO_32_BIT_CONVERSION = YES;
				GCC_WARN_ABOUT_RETURN_TYPE = YES_ERROR;
				GCC_WARN_UNDECLARED_SELECTOR = YES;
				GCC_WARN_UNINITIALIZED_AUTOS = YES_AGGRESSIVE;
				GCC_WARN_UNUSED_FUNCTION = YES;
				GCC_WARN_UNUSED_VARIABLE = YES;
				MACOSX_DEPLOYMENT_TARGET = 10.15;
				MTL_ENABLE_DEBUG_INFO = INCLUDE_SOURCE;
				MTL_FAST_MATH = YES;
				ONLY_ACTIVE_ARCH = YES;
				SDKROOT = macosx;
				SWIFT_ACTIVE_COMPILATION_CONDITIONS = DEBUG;
				SWIFT_OPTIMIZATION_LEVEL = "-Onone";
			};
			name = Debug;
		};
		9DA8042F248E27EA003826B9 /* Release */ = {
			isa = XCBuildConfiguration;
			buildSettings = {
				ALWAYS_SEARCH_USER_PATHS = NO;
				CLANG_ANALYZER_NONNULL = YES;
				CLANG_ANALYZER_NUMBER_OBJECT_CONVERSION = YES_AGGRESSIVE;
				CLANG_CXX_LANGUAGE_STANDARD = "gnu++14";
				CLANG_CXX_LIBRARY = "libc++";
				CLANG_ENABLE_MODULES = YES;
				CLANG_ENABLE_OBJC_ARC = YES;
				CLANG_ENABLE_OBJC_WEAK = YES;
				CLANG_WARN_BLOCK_CAPTURE_AUTORELEASING = YES;
				CLANG_WARN_BOOL_CONVERSION = YES;
				CLANG_WARN_COMMA = YES;
				CLANG_WARN_CONSTANT_CONVERSION = YES;
				CLANG_WARN_DEPRECATED_OBJC_IMPLEMENTATIONS = YES;
				CLANG_WARN_DIRECT_OBJC_ISA_USAGE = YES_ERROR;
				CLANG_WARN_DOCUMENTATION_COMMENTS = YES;
				CLANG_WARN_EMPTY_BODY = YES;
				CLANG_WARN_ENUM_CONVERSION = YES;
				CLANG_WARN_INFINITE_RECURSION = YES;
				CLANG_WARN_INT_CONVERSION = YES;
				CLANG_WARN_NON_LITERAL_NULL_CONVERSION = YES;
				CLANG_WARN_OBJC_IMPLICIT_RETAIN_SELF = YES;
				CLANG_WARN_OBJC_LITERAL_CONVERSION = YES;
				CLANG_WARN_OBJC_ROOT_CLASS = YES_ERROR;
				CLANG_WARN_RANGE_LOOP_ANALYSIS = YES;
				CLANG_WARN_STRICT_PROTOTYPES = YES;
				CLANG_WARN_SUSPICIOUS_MOVE = YES;
				CLANG_WARN_UNGUARDED_AVAILABILITY = YES_AGGRESSIVE;
				CLANG_WARN_UNREACHABLE_CODE = YES;
				CLANG_WARN__DUPLICATE_METHOD_MATCH = YES;
				COPY_PHASE_STRIP = NO;
				DEBUG_INFORMATION_FORMAT = "dwarf-with-dsym";
				ENABLE_NS_ASSERTIONS = NO;
				ENABLE_STRICT_OBJC_MSGSEND = YES;
				GCC_C_LANGUAGE_STANDARD = gnu11;
				GCC_NO_COMMON_BLOCKS = YES;
				GCC_WARN_64_TO_32_BIT_CONVERSION = YES;
				GCC_WARN_ABOUT_RETURN_TYPE = YES_ERROR;
				GCC_WARN_UNDECLARED_SELECTOR = YES;
				GCC_WARN_UNINITIALIZED_AUTOS = YES_AGGRESSIVE;
				GCC_WARN_UNUSED_FUNCTION = YES;
				GCC_WARN_UNUSED_VARIABLE = YES;
				MACOSX_DEPLOYMENT_TARGET = 10.15;
				MTL_ENABLE_DEBUG_INFO = NO;
				MTL_FAST_MATH = YES;
				SDKROOT = macosx;
				SWIFT_COMPILATION_MODE = wholemodule;
				SWIFT_OPTIMIZATION_LEVEL = "-O";
			};
			name = Release;
		};
		9DA80431248E27EA003826B9 /* Debug */ = {
			isa = XCBuildConfiguration;
			buildSettings = {
				CODE_SIGN_STYLE = Automatic;
				DEVELOPMENT_TEAM = W4P5NU5GJ2;
				ENABLE_HARDENED_RUNTIME = YES;
				PRODUCT_NAME = "$(TARGET_NAME)";
				SWIFT_VERSION = 5.0;
			};
			name = Debug;
		};
		9DA80432248E27EA003826B9 /* Release */ = {
			isa = XCBuildConfiguration;
			buildSettings = {
				CODE_SIGN_STYLE = Automatic;
				DEVELOPMENT_TEAM = W4P5NU5GJ2;
				ENABLE_HARDENED_RUNTIME = YES;
				PRODUCT_NAME = "$(TARGET_NAME)";
				SWIFT_VERSION = 5.0;
			};
			name = Release;
		};
/* End XCBuildConfiguration section */

/* Begin XCConfigurationList section */
		9DA80424248E27EA003826B9 /* Build configuration list for PBXProject "Algorithm" */ = {
			isa = XCConfigurationList;
			buildConfigurations = (
				9DA8042E248E27EA003826B9 /* Debug */,
				9DA8042F248E27EA003826B9 /* Release */,
			);
			defaultConfigurationIsVisible = 0;
			defaultConfigurationName = Release;
		};
		9DA80430248E27EA003826B9 /* Build configuration list for PBXNativeTarget "Algorithm" */ = {
			isa = XCConfigurationList;
			buildConfigurations = (
				9DA80431248E27EA003826B9 /* Debug */,
				9DA80432248E27EA003826B9 /* Release */,
			);
			defaultConfigurationIsVisible = 0;
			defaultConfigurationName = Release;
		};
/* End XCConfigurationList section */
	};
	rootObject = 9DA80421248E27EA003826B9 /* Project object */;
}
